
Microsoft Visual Studio Solution File, Format Version 12.00
# Visual Studio Version 17
VisualStudioVersion = 17.0.32014.148
MinimumVisualStudioVersion = 10.0.40219.1
Project("{FAE04EC0-301F-11D3-BF4B-00C04F79EFBC}") = "UZPIS", "UZPIS\UZPIS.csproj", "{51D25B96-CADD-4F50-9833-1EFB30EDA0B5}"
EndProject
Global
	GlobalSection(SolutionConfigurationPlatforms) = preSolution
		Debug|Any CPU = Debug|Any CPU
		Release|Any CPU = Release|Any CPU
	EndGlobalSection
	GlobalSection(ProjectConfigurationPlatforms) = postSolution
		{51D25B96-CADD-4F50-9833-1EFB30EDA0B5}.Debug|Any CPU.ActiveCfg = Debug|Any CPU
		{51D25B96-CADD-4F50-9833-1EFB30EDA0B5}.Debug|Any CPU.Build.0 = Debug|Any CPU
		{51D25B96-CADD-4F50-9833-1EFB30EDA0B5}.Release|Any CPU.ActiveCfg = Release|Any CPU
		{51D25B96-CADD-4F50-9833-1EFB30EDA0B5}.Release|Any CPU.Build.0 = Release|Any CPU
	EndGlobalSection
	GlobalSection(SolutionProperties) = preSolution
		HideSolutionNode = FALSE
	EndGlobalSection
	GlobalSection(ExtensibilityGlobals) = postSolution
		SolutionGuid = {D8A9FD14-16F6-4614-A272-0FD57D57F45F}
	EndGlobalSection
EndGlobal
